
Microsoft Visual Studio Solution File, Format Version 12.00
# Visual Studio 2013
VisualStudioVersion = 12.0.30723.0
MinimumVisualStudioVersion = 10.0.40219.1
Project("{2150E333-8FDC-42A3-9474-1A3956D46DE8}") = ".nuget", ".nuget", "{27E2644F-6D62-489F-9A47-8AA4F7F6417D}"
	ProjectSection(SolutionItems) = preProject
		.nuget\NuGet.Config = .nuget\NuGet.Config
		.nuget\NuGet.exe = .nuget\NuGet.exe
		.nuget\NuGet.targets = .nuget\NuGet.targets
	EndProjectSection
EndProject
Project("{FAE04EC0-301F-11D3-BF4B-00C04F79EFBC}") = "Prototype.Service", "Prototype.Service\Prototype.Service.csproj", "{BBF92C72-30BF-46E2-8C09-35D1E4773C82}"
EndProject
Project("{FAE04EC0-301F-11D3-BF4B-00C04F79EFBC}") = "Prototype.TestHarness", "Prototype.TestHarness\Prototype.TestHarness.csproj", "{98814830-B35F-4374-94D7-D230825A1351}"
EndProject
Project("{FAE04EC0-301F-11D3-BF4B-00C04F79EFBC}") = "Prototype.Logger", "Prototype.Logger\Prototype.Logger.csproj", "{DAA924E0-7C89-4E49-B1C6-28B66ABAC229}"
EndProject
Project("{2150E333-8FDC-42A3-9474-1A3956D46DE8}") = "Solution Items", "Solution Items", "{020367D3-99AB-4D67-AD02-B702C0E6679E}"
	ProjectSection(SolutionItems) = preProject
		debugbuild.sh = debugbuild.sh
		ReadMe.txt = ReadMe.txt
		releasebuild.sh = releasebuild.sh
		setuplocaldev.sh = setuplocaldev.sh
	EndProjectSection
EndProject
Project("{FAE04EC0-301F-11D3-BF4B-00C04F79EFBC}") = "Prototype.Tests.Unit", "Prototype.Tests.Unit\Prototype.Tests.Unit.csproj", "{F9162212-6CE4-4AD5-AFD5-F4AF03D89412}"
EndProject
Project("{2150E333-8FDC-42A3-9474-1A3956D46DE8}") = "Testing", "Testing", "{286D9544-A5DA-4489-8A98-2C655341A69C}"
EndProject
Project("{FAE04EC0-301F-11D3-BF4B-00C04F79EFBC}") = "Prototype.Tests.Intergration", "Prototype.Tests.Intergration\Prototype.Tests.Intergration.csproj", "{2F2DD425-BAE2-46A4-BC3B-C722B0C6E326}"
EndProject
Project("{2150E333-8FDC-42A3-9474-1A3956D46DE8}") = "lib", "lib", "{B8FEA6D9-FE9A-456E-B76C-81DEC29635D9}"
	ProjectSection(SolutionItems) = preProject
		lib\Ninject.dll = lib\Ninject.dll
	EndProjectSection
EndProject
Project("{FAE04EC0-301F-11D3-BF4B-00C04F79EFBC}") = "Prototype.Tests.Helpers", "Prototype.Tests.Helpers\Prototype.Tests.Helpers.csproj", "{AA6310E1-91CF-4392-A4E7-F41493005A55}"
EndProject
Global
	GlobalSection(SolutionConfigurationPlatforms) = preSolution
		Debug|Any CPU = Debug|Any CPU
		Debug|Mixed Platforms = Debug|Mixed Platforms
		Debug|x86 = Debug|x86
		Debug-OSX|Any CPU = Debug-OSX|Any CPU
		Debug-OSX|Mixed Platforms = Debug-OSX|Mixed Platforms
		Debug-OSX|x86 = Debug-OSX|x86
		Release|Any CPU = Release|Any CPU
		Release|Mixed Platforms = Release|Mixed Platforms
		Release|x86 = Release|x86
		RunInDocker-OSX|Any CPU = RunInDocker-OSX|Any CPU
		RunInDocker-OSX|Mixed Platforms = RunInDocker-OSX|Mixed Platforms
		RunInDocker-OSX|x86 = RunInDocker-OSX|x86
	EndGlobalSection
	GlobalSection(ProjectConfigurationPlatforms) = postSolution
		{BBF92C72-30BF-46E2-8C09-35D1E4773C82}.Debug|Any CPU.ActiveCfg = Debug|x86
		{BBF92C72-30BF-46E2-8C09-35D1E4773C82}.Debug|Any CPU.Build.0 = Debug|x86
		{BBF92C72-30BF-46E2-8C09-35D1E4773C82}.Debug|Mixed Platforms.ActiveCfg = Debug|x86
		{BBF92C72-30BF-46E2-8C09-35D1E4773C82}.Debug|Mixed Platforms.Build.0 = Debug|x86
		{BBF92C72-30BF-46E2-8C09-35D1E4773C82}.Debug|x86.ActiveCfg = Debug|x86
		{BBF92C72-30BF-46E2-8C09-35D1E4773C82}.Debug|x86.Build.0 = Debug|x86
		{BBF92C72-30BF-46E2-8C09-35D1E4773C82}.Debug-OSX|Any CPU.ActiveCfg = Debug-OSX|x86
		{BBF92C72-30BF-46E2-8C09-35D1E4773C82}.Debug-OSX|Mixed Platforms.ActiveCfg = Debug-OSX|x86
		{BBF92C72-30BF-46E2-8C09-35D1E4773C82}.Debug-OSX|Mixed Platforms.Build.0 = Debug-OSX|x86
		{BBF92C72-30BF-46E2-8C09-35D1E4773C82}.Debug-OSX|x86.ActiveCfg = Debug-OSX|x86
		{BBF92C72-30BF-46E2-8C09-35D1E4773C82}.Debug-OSX|x86.Build.0 = Debug-OSX|x86
		{BBF92C72-30BF-46E2-8C09-35D1E4773C82}.Release|Any CPU.ActiveCfg = Release|x86
		{BBF92C72-30BF-46E2-8C09-35D1E4773C82}.Release|Any CPU.Build.0 = Release|x86
		{BBF92C72-30BF-46E2-8C09-35D1E4773C82}.Release|Mixed Platforms.ActiveCfg = Release|x86
		{BBF92C72-30BF-46E2-8C09-35D1E4773C82}.Release|Mixed Platforms.Build.0 = Release|x86
		{BBF92C72-30BF-46E2-8C09-35D1E4773C82}.Release|x86.ActiveCfg = Release|x86
		{BBF92C72-30BF-46E2-8C09-35D1E4773C82}.Release|x86.Build.0 = Release|x86
		{BBF92C72-30BF-46E2-8C09-35D1E4773C82}.RunInDocker-OSX|Any CPU.ActiveCfg = RunInDocker-OSX|x86
		{BBF92C72-30BF-46E2-8C09-35D1E4773C82}.RunInDocker-OSX|Mixed Platforms.ActiveCfg = RunInDocker-OSX|x86
		{BBF92C72-30BF-46E2-8C09-35D1E4773C82}.RunInDocker-OSX|Mixed Platforms.Build.0 = RunInDocker-OSX|x86
		{BBF92C72-30BF-46E2-8C09-35D1E4773C82}.RunInDocker-OSX|x86.ActiveCfg = RunInDocker-OSX|x86
		{BBF92C72-30BF-46E2-8C09-35D1E4773C82}.RunInDocker-OSX|x86.Build.0 = RunInDocker-OSX|x86
		{98814830-B35F-4374-94D7-D230825A1351}.Debug|Any CPU.ActiveCfg = Debug|x86
		{98814830-B35F-4374-94D7-D230825A1351}.Debug|Mixed Platforms.ActiveCfg = Debug|x86
		{98814830-B35F-4374-94D7-D230825A1351}.Debug|Mixed Platforms.Build.0 = Debug|x86
		{98814830-B35F-4374-94D7-D230825A1351}.Debug|x86.ActiveCfg = Debug|x86
		{98814830-B35F-4374-94D7-D230825A1351}.Debug|x86.Build.0 = Debug|x86
		{98814830-B35F-4374-94D7-D230825A1351}.Debug-OSX|Any CPU.ActiveCfg = Debug-OSX|x86
		{98814830-B35F-4374-94D7-D230825A1351}.Debug-OSX|Mixed Platforms.ActiveCfg = Debug-OSX|x86
		{98814830-B35F-4374-94D7-D230825A1351}.Debug-OSX|Mixed Platforms.Build.0 = Debug-OSX|x86
		{98814830-B35F-4374-94D7-D230825A1351}.Debug-OSX|x86.ActiveCfg = Debug-OSX|x86
		{98814830-B35F-4374-94D7-D230825A1351}.Debug-OSX|x86.Build.0 = Debug-OSX|x86
		{98814830-B35F-4374-94D7-D230825A1351}.Release|Any CPU.ActiveCfg = Release|x86
		{98814830-B35F-4374-94D7-D230825A1351}.Release|Mixed Platforms.ActiveCfg = Release|x86
		{98814830-B35F-4374-94D7-D230825A1351}.Release|Mixed Platforms.Build.0 = Release|x86
		{98814830-B35F-4374-94D7-D230825A1351}.Release|x86.ActiveCfg = Release|x86
		{98814830-B35F-4374-94D7-D230825A1351}.Release|x86.Build.0 = Release|x86
		{98814830-B35F-4374-94D7-D230825A1351}.RunInDocker-OSX|Any CPU.ActiveCfg = RunInDocker-OSX|x86
		{98814830-B35F-4374-94D7-D230825A1351}.RunInDocker-OSX|Mixed Platforms.ActiveCfg = RunInDocker-OSX|x86
		{98814830-B35F-4374-94D7-D230825A1351}.RunInDocker-OSX|Mixed Platforms.Build.0 = RunInDocker-OSX|x86
		{98814830-B35F-4374-94D7-D230825A1351}.RunInDocker-OSX|x86.ActiveCfg = RunInDocker-OSX|x86
		{98814830-B35F-4374-94D7-D230825A1351}.RunInDocker-OSX|x86.Build.0 = RunInDocker-OSX|x86
		{DAA924E0-7C89-4E49-B1C6-28B66ABAC229}.Debug|Any CPU.ActiveCfg = Debug|Any CPU
		{DAA924E0-7C89-4E49-B1C6-28B66ABAC229}.Debug|Any CPU.Build.0 = Debug|Any CPU
		{DAA924E0-7C89-4E49-B1C6-28B66ABAC229}.Debug|Mixed Platforms.ActiveCfg = Debug|Any CPU
		{DAA924E0-7C89-4E49-B1C6-28B66ABAC229}.Debug|Mixed Platforms.Build.0 = Debug|Any CPU
		{DAA924E0-7C89-4E49-B1C6-28B66ABAC229}.Debug|x86.ActiveCfg = Debug|Any CPU
		{DAA924E0-7C89-4E49-B1C6-28B66ABAC229}.Debug-OSX|Any CPU.ActiveCfg = Debug-OSX|Any CPU
		{DAA924E0-7C89-4E49-B1C6-28B66ABAC229}.Debug-OSX|Any CPU.Build.0 = Debug-OSX|Any CPU
		{DAA924E0-7C89-4E49-B1C6-28B66ABAC229}.Debug-OSX|Mixed Platforms.ActiveCfg = Debug-OSX|Any CPU
		{DAA924E0-7C89-4E49-B1C6-28B66ABAC229}.Debug-OSX|Mixed Platforms.Build.0 = Debug-OSX|Any CPU
		{DAA924E0-7C89-4E49-B1C6-28B66ABAC229}.Debug-OSX|x86.ActiveCfg = Debug-OSX|Any CPU
		{DAA924E0-7C89-4E49-B1C6-28B66ABAC229}.Debug-OSX|x86.Build.0 = Debug-OSX|Any CPU
		{DAA924E0-7C89-4E49-B1C6-28B66ABAC229}.Release|Any CPU.ActiveCfg = Release|Any CPU
		{DAA924E0-7C89-4E49-B1C6-28B66ABAC229}.Release|Any CPU.Build.0 = Release|Any CPU
		{DAA924E0-7C89-4E49-B1C6-28B66ABAC229}.Release|Mixed Platforms.ActiveCfg = Release|Any CPU
		{DAA924E0-7C89-4E49-B1C6-28B66ABAC229}.Release|Mixed Platforms.Build.0 = Release|Any CPU
		{DAA924E0-7C89-4E49-B1C6-28B66ABAC229}.Release|x86.ActiveCfg = Release|Any CPU
		{DAA924E0-7C89-4E49-B1C6-28B66ABAC229}.RunInDocker-OSX|Any CPU.ActiveCfg = RunInDocker-OSX|Any CPU
		{DAA924E0-7C89-4E49-B1C6-28B66ABAC229}.RunInDocker-OSX|Any CPU.Build.0 = RunInDocker-OSX|Any CPU
		{DAA924E0-7C89-4E49-B1C6-28B66ABAC229}.RunInDocker-OSX|Mixed Platforms.ActiveCfg = RunInDocker-OSX|Any CPU
		{DAA924E0-7C89-4E49-B1C6-28B66ABAC229}.RunInDocker-OSX|Mixed Platforms.Build.0 = RunInDocker-OSX|Any CPU
		{DAA924E0-7C89-4E49-B1C6-28B66ABAC229}.RunInDocker-OSX|x86.ActiveCfg = RunInDocker-OSX|Any CPU
		{F9162212-6CE4-4AD5-AFD5-F4AF03D89412}.Debug|Any CPU.ActiveCfg = Debug|Any CPU
		{F9162212-6CE4-4AD5-AFD5-F4AF03D89412}.Debug|Any CPU.Build.0 = Debug|Any CPU
		{F9162212-6CE4-4AD5-AFD5-F4AF03D89412}.Debug|Mixed Platforms.ActiveCfg = Debug|Any CPU
		{F9162212-6CE4-4AD5-AFD5-F4AF03D89412}.Debug|Mixed Platforms.Build.0 = Debug|Any CPU
		{F9162212-6CE4-4AD5-AFD5-F4AF03D89412}.Debug|x86.ActiveCfg = Debug|Any CPU
		{F9162212-6CE4-4AD5-AFD5-F4AF03D89412}.Debug-OSX|Any CPU.ActiveCfg = Debug-OSX|Any CPU
		{F9162212-6CE4-4AD5-AFD5-F4AF03D89412}.Debug-OSX|Any CPU.Build.0 = Debug-OSX|Any CPU
		{F9162212-6CE4-4AD5-AFD5-F4AF03D89412}.Debug-OSX|Mixed Platforms.ActiveCfg = Debug-OSX|Any CPU
		{F9162212-6CE4-4AD5-AFD5-F4AF03D89412}.Debug-OSX|Mixed Platforms.Build.0 = Debug-OSX|Any CPU
		{F9162212-6CE4-4AD5-AFD5-F4AF03D89412}.Debug-OSX|x86.ActiveCfg = Debug-OSX|Any CPU
		{F9162212-6CE4-4AD5-AFD5-F4AF03D89412}.Debug-OSX|x86.Build.0 = Debug-OSX|Any CPU
		{F9162212-6CE4-4AD5-AFD5-F4AF03D89412}.Release|Any CPU.ActiveCfg = Release|Any CPU
		{F9162212-6CE4-4AD5-AFD5-F4AF03D89412}.Release|Any CPU.Build.0 = Release|Any CPU
		{F9162212-6CE4-4AD5-AFD5-F4AF03D89412}.Release|Mixed Platforms.ActiveCfg = Release|Any CPU
		{F9162212-6CE4-4AD5-AFD5-F4AF03D89412}.Release|Mixed Platforms.Build.0 = Release|Any CPU
		{F9162212-6CE4-4AD5-AFD5-F4AF03D89412}.Release|x86.ActiveCfg = Release|Any CPU
		{F9162212-6CE4-4AD5-AFD5-F4AF03D89412}.RunInDocker-OSX|Any CPU.ActiveCfg = RunInDocker-OSX|Any CPU
		{F9162212-6CE4-4AD5-AFD5-F4AF03D89412}.RunInDocker-OSX|Any CPU.Build.0 = RunInDocker-OSX|Any CPU
		{F9162212-6CE4-4AD5-AFD5-F4AF03D89412}.RunInDocker-OSX|Mixed Platforms.ActiveCfg = RunInDocker-OSX|Any CPU
		{F9162212-6CE4-4AD5-AFD5-F4AF03D89412}.RunInDocker-OSX|Mixed Platforms.Build.0 = RunInDocker-OSX|Any CPU
		{F9162212-6CE4-4AD5-AFD5-F4AF03D89412}.RunInDocker-OSX|x86.ActiveCfg = RunInDocker-OSX|Any CPU
		{2F2DD425-BAE2-46A4-BC3B-C722B0C6E326}.Debug|Any CPU.ActiveCfg = Debug|Any CPU
		{2F2DD425-BAE2-46A4-BC3B-C722B0C6E326}.Debug|Any CPU.Build.0 = Debug|Any CPU
		{2F2DD425-BAE2-46A4-BC3B-C722B0C6E326}.Debug|Mixed Platforms.ActiveCfg = Debug|Any CPU
		{2F2DD425-BAE2-46A4-BC3B-C722B0C6E326}.Debug|Mixed Platforms.Build.0 = Debug|Any CPU
		{2F2DD425-BAE2-46A4-BC3B-C722B0C6E326}.Debug|x86.ActiveCfg = Debug|Any CPU
		{2F2DD425-BAE2-46A4-BC3B-C722B0C6E326}.Debug-OSX|Any CPU.ActiveCfg = Debug-OSX|Any CPU
		{2F2DD425-BAE2-46A4-BC3B-C722B0C6E326}.Debug-OSX|Any CPU.Build.0 = Debug-OSX|Any CPU
		{2F2DD425-BAE2-46A4-BC3B-C722B0C6E326}.Debug-OSX|Mixed Platforms.ActiveCfg = Debug-OSX|Any CPU
		{2F2DD425-BAE2-46A4-BC3B-C722B0C6E326}.Debug-OSX|Mixed Platforms.Build.0 = Debug-OSX|Any CPU
		{2F2DD425-BAE2-46A4-BC3B-C722B0C6E326}.Debug-OSX|x86.ActiveCfg = Debug-OSX|Any CPU
		{2F2DD425-BAE2-46A4-BC3B-C722B0C6E326}.Debug-OSX|x86.Build.0 = Debug-OSX|Any CPU
		{2F2DD425-BAE2-46A4-BC3B-C722B0C6E326}.Release|Any CPU.ActiveCfg = Release|Any CPU
		{2F2DD425-BAE2-46A4-BC3B-C722B0C6E326}.Release|Any CPU.Build.0 = Release|Any CPU
		{2F2DD425-BAE2-46A4-BC3B-C722B0C6E326}.Release|Mixed Platforms.ActiveCfg = Release|Any CPU
		{2F2DD425-BAE2-46A4-BC3B-C722B0C6E326}.Release|Mixed Platforms.Build.0 = Release|Any CPU
		{2F2DD425-BAE2-46A4-BC3B-C722B0C6E326}.Release|x86.ActiveCfg = Release|Any CPU
		{2F2DD425-BAE2-46A4-BC3B-C722B0C6E326}.RunInDocker-OSX|Any CPU.ActiveCfg = RunInDocker-OSX|Any CPU
		{2F2DD425-BAE2-46A4-BC3B-C722B0C6E326}.RunInDocker-OSX|Any CPU.Build.0 = RunInDocker-OSX|Any CPU
		{2F2DD425-BAE2-46A4-BC3B-C722B0C6E326}.RunInDocker-OSX|Mixed Platforms.ActiveCfg = RunInDocker-OSX|Any CPU
		{2F2DD425-BAE2-46A4-BC3B-C722B0C6E326}.RunInDocker-OSX|Mixed Platforms.Build.0 = RunInDocker-OSX|Any CPU
		{2F2DD425-BAE2-46A4-BC3B-C722B0C6E326}.RunInDocker-OSX|x86.ActiveCfg = RunInDocker-OSX|Any CPU
		{AA6310E1-91CF-4392-A4E7-F41493005A55}.Debug|Any CPU.ActiveCfg = Debug|Any CPU
		{AA6310E1-91CF-4392-A4E7-F41493005A55}.Debug|Any CPU.Build.0 = Debug|Any CPU
		{AA6310E1-91CF-4392-A4E7-F41493005A55}.Debug|Mixed Platforms.ActiveCfg = Debug|Any CPU
		{AA6310E1-91CF-4392-A4E7-F41493005A55}.Debug|Mixed Platforms.Build.0 = Debug|Any CPU
		{AA6310E1-91CF-4392-A4E7-F41493005A55}.Debug|x86.ActiveCfg = Debug|Any CPU
		{AA6310E1-91CF-4392-A4E7-F41493005A55}.Debug-OSX|Any CPU.ActiveCfg = Debug|Any CPU
		{AA6310E1-91CF-4392-A4E7-F41493005A55}.Debug-OSX|Any CPU.Build.0 = Debug|Any CPU
		{AA6310E1-91CF-4392-A4E7-F41493005A55}.Debug-OSX|Mixed Platforms.ActiveCfg = Debug|Any CPU
		{AA6310E1-91CF-4392-A4E7-F41493005A55}.Debug-OSX|Mixed Platforms.Build.0 = Debug|Any CPU
		{AA6310E1-91CF-4392-A4E7-F41493005A55}.Debug-OSX|x86.ActiveCfg = Debug|Any CPU
		{AA6310E1-91CF-4392-A4E7-F41493005A55}.Release|Any CPU.ActiveCfg = Release|Any CPU
		{AA6310E1-91CF-4392-A4E7-F41493005A55}.Release|Any CPU.Build.0 = Release|Any CPU
		{AA6310E1-91CF-4392-A4E7-F41493005A55}.Release|Mixed Platforms.ActiveCfg = Release|Any CPU
		{AA6310E1-91CF-4392-A4E7-F41493005A55}.Release|Mixed Platforms.Build.0 = Release|Any CPU
		{AA6310E1-91CF-4392-A4E7-F41493005A55}.Release|x86.ActiveCfg = Release|Any CPU
		{AA6310E1-91CF-4392-A4E7-F41493005A55}.RunInDocker-OSX|Any CPU.ActiveCfg = Release|Any CPU
		{AA6310E1-91CF-4392-A4E7-F41493005A55}.RunInDocker-OSX|Any CPU.Build.0 = Release|Any CPU
		{AA6310E1-91CF-4392-A4E7-F41493005A55}.RunInDocker-OSX|Mixed Platforms.ActiveCfg = Release|Any CPU
		{AA6310E1-91CF-4392-A4E7-F41493005A55}.RunInDocker-OSX|Mixed Platforms.Build.0 = Release|Any CPU
		{AA6310E1-91CF-4392-A4E7-F41493005A55}.RunInDocker-OSX|x86.ActiveCfg = Release|Any CPU
	EndGlobalSection
	GlobalSection(SolutionProperties) = preSolution
		HideSolutionNode = FALSE
	EndGlobalSection
	GlobalSection(NestedProjects) = preSolution
		{98814830-B35F-4374-94D7-D230825A1351} = {286D9544-A5DA-4489-8A98-2C655341A69C}
		{F9162212-6CE4-4AD5-AFD5-F4AF03D89412} = {286D9544-A5DA-4489-8A98-2C655341A69C}
		{2F2DD425-BAE2-46A4-BC3B-C722B0C6E326} = {286D9544-A5DA-4489-8A98-2C655341A69C}
		{AA6310E1-91CF-4392-A4E7-F41493005A55} = {286D9544-A5DA-4489-8A98-2C655341A69C}
	EndGlobalSection
EndGlobal
